
Microsoft Visual Studio Solution File, Format Version 12.00
# Visual Studio Version 17
VisualStudioVersion = 17.11.35312.102
MinimumVisualStudioVersion = 10.0.40219.1
Project("{9A19103F-16F7-4668-BE54-9A1E7A4F7556}") = "2fa", "src\2fa.csproj", "{621BED7B-F7FC-4F7E-8708-3335BC3E1E2D}"
EndProject
Global
	GlobalSection(SolutionConfigurationPlatforms) = preSolution
		Debug|Any CPU = Debug|Any CPU
		Release|Any CPU = Release|Any CPU
	EndGlobalSection
	GlobalSection(ProjectConfigurationPlatforms) = postSolution
		{621BED7B-F7FC-4F7E-8708-3335BC3E1E2D}.Debug|Any CPU.ActiveCfg = Debug|Any CPU
		{621BED7B-F7FC-4F7E-8708-3335BC3E1E2D}.Debug|Any CPU.Build.0 = Debug|Any CPU
		{621BED7B-F7FC-4F7E-8708-3335BC3E1E2D}.Release|Any CPU.ActiveCfg = Release|Any CPU
		{621BED7B-F7FC-4F7E-8708-3335BC3E1E2D}.Release|Any CPU.Build.0 = Release|Any CPU
	EndGlobalSection
	GlobalSection(SolutionProperties) = preSolution
		HideSolutionNode = FALSE
	EndGlobalSection
	GlobalSection(ExtensibilityGlobals) = postSolution
		SolutionGuid = {4D9B7F54-5792-4E72-88EE-097EBD17DF8A}
	EndGlobalSection
EndGlobal
